// !$*UTF8*$!
{
	archiveVersion = 1;
	classes = {
	};
	objectVersion = 55;
	objects = {

/* Begin PBXBuildFile section */
		4A109DF8274D4991009D2002 /* Poppins-Italic.ttf in Resources */ = {isa = PBXBuildFile; fileRef = 4A109DF7274D4991009D2002 /* Poppins-Italic.ttf */; };
		4A1617AF2739512C00640236 /* VibaTextField.swift in Sources */ = {isa = PBXBuildFile; fileRef = 4A1617AE2739512C00640236 /* VibaTextField.swift */; };
		4A1617B9273A40B700640236 /* Poppins-Regular.ttf in Resources */ = {isa = PBXBuildFile; fileRef = 4A1617B8273A40B700640236 /* Poppins-Regular.ttf */; };
		4A1617BB273A40D700640236 /* VibaLabel.swift in Sources */ = {isa = PBXBuildFile; fileRef = 4A1617BA273A40D700640236 /* VibaLabel.swift */; };
		4A1617BD273A42CF00640236 /* VibaBorderButton.swift in Sources */ = {isa = PBXBuildFile; fileRef = 4A1617BC273A42CF00640236 /* VibaBorderButton.swift */; };
		4A1617BF273A45C300640236 /* Poppins-Medium.ttf in Resources */ = {isa = PBXBuildFile; fileRef = 4A1617BE273A45C300640236 /* Poppins-Medium.ttf */; };
		4A1617C5273A5FAD00640236 /* VibaNormalButton.swift in Sources */ = {isa = PBXBuildFile; fileRef = 4A1617C4273A5FAD00640236 /* VibaNormalButton.swift */; };
		4A21A195273B67290002D052 /* VibaMediumLabel.swift in Sources */ = {isa = PBXBuildFile; fileRef = 4A21A194273B67290002D052 /* VibaMediumLabel.swift */; };
		4A21A198273B89E50002D052 /* EmployeeDetailsViewController.swift in Sources */ = {isa = PBXBuildFile; fileRef = 4A21A197273B89E50002D052 /* EmployeeDetailsViewController.swift */; };
		4A21A19A273B89F30002D052 /* SignupViewController.swift in Sources */ = {isa = PBXBuildFile; fileRef = 4A21A199273B89F30002D052 /* SignupViewController.swift */; };
		4A21A19C273B913F0002D052 /* VibaRoundCornerView.swift in Sources */ = {isa = PBXBuildFile; fileRef = 4A21A19B273B913F0002D052 /* VibaRoundCornerView.swift */; };
		4A21A19E273B9B600002D052 /* SignupPageViewController.swift in Sources */ = {isa = PBXBuildFile; fileRef = 4A21A19D273B9B600002D052 /* SignupPageViewController.swift */; };
		4A21A1A0273B9C010002D052 /* VerifyViewController.swift in Sources */ = {isa = PBXBuildFile; fileRef = 4A21A19F273B9C010002D052 /* VerifyViewController.swift */; };
		4A21A1A2273B9D100002D052 /* FaceCaptureViewController.swift in Sources */ = {isa = PBXBuildFile; fileRef = 4A21A1A1273B9D100002D052 /* FaceCaptureViewController.swift */; };
		4A3DDA71274B6A1A002FF884 /* ClockInOutTableViewCell.swift in Sources */ = {isa = PBXBuildFile; fileRef = 4A3DDA70274B6A1A002FF884 /* ClockInOutTableViewCell.swift */; };
		4A3DDA76274B9405002FF884 /* ClockInOutTableViewCell.xib in Resources */ = {isa = PBXBuildFile; fileRef = 4A3DDA75274B9405002FF884 /* ClockInOutTableViewCell.xib */; };
		4A468A71275A2B9100211FD4 /* DataManager.swift in Sources */ = {isa = PBXBuildFile; fileRef = 4A468A70275A2B9100211FD4 /* DataManager.swift */; };
		4A4A8684273BF1E000811EBC /* SignupProtocol.swift in Sources */ = {isa = PBXBuildFile; fileRef = 4A4A8683273BF1E000811EBC /* SignupProtocol.swift */; };
		4A4D21AE275896E5001B9964 /* VibaNoRecordsCell.swift in Sources */ = {isa = PBXBuildFile; fileRef = 4A4D21AD275896E5001B9964 /* VibaNoRecordsCell.swift */; };
		4A5AA7AB274934E800084866 /* VibaCircularImage.swift in Sources */ = {isa = PBXBuildFile; fileRef = 4A5AA7AA274934E800084866 /* VibaCircularImage.swift */; };
		4A5AA7AD2749541500084866 /* VibaRoundImageButton.swift in Sources */ = {isa = PBXBuildFile; fileRef = 4A5AA7AC2749541500084866 /* VibaRoundImageButton.swift */; };
		4A5E31BE2768ADE7002907C3 /* Cache.swift in Sources */ = {isa = PBXBuildFile; fileRef = 4A5E31BD2768ADE7002907C3 /* Cache.swift */; };
		4A5E47772748E59F00239676 /* ClockInOutViewController.swift in Sources */ = {isa = PBXBuildFile; fileRef = 4A5E47762748E59F00239676 /* ClockInOutViewController.swift */; };
		4A5E47792748E5AB00239676 /* TimesheetViewController.swift in Sources */ = {isa = PBXBuildFile; fileRef = 4A5E47782748E5AB00239676 /* TimesheetViewController.swift */; };
		4A5E477B2748E5B700239676 /* ProfileViewController.swift in Sources */ = {isa = PBXBuildFile; fileRef = 4A5E477A2748E5B700239676 /* ProfileViewController.swift */; };
		4A5E477D2748E5C600239676 /* DashboardViewController.swift in Sources */ = {isa = PBXBuildFile; fileRef = 4A5E477C2748E5C600239676 /* DashboardViewController.swift */; };
		4A5F7195274179F800D4A29E /* LoginOTPResponse.swift in Sources */ = {isa = PBXBuildFile; fileRef = 4A5F7194274179F800D4A29E /* LoginOTPResponse.swift */; };
		4A68CB6327533F39000BA368 /* VibaSwitch.swift in Sources */ = {isa = PBXBuildFile; fileRef = 4A68CB6227533F39000BA368 /* VibaSwitch.swift */; };
		4A68CB65275345A9000BA368 /* PermissionViewController.swift in Sources */ = {isa = PBXBuildFile; fileRef = 4A68CB64275345A9000BA368 /* PermissionViewController.swift */; };
		4A68CB6827534794000BA368 /* LoocationManager.swift in Sources */ = {isa = PBXBuildFile; fileRef = 4A68CB6727534794000BA368 /* LoocationManager.swift */; };
		4A68CB6D2753E7E9000BA368 /* UploadUserImage.swift in Sources */ = {isa = PBXBuildFile; fileRef = 4A68CB6C2753E7E9000BA368 /* UploadUserImage.swift */; };
		4A68CB6F2753E8E9000BA368 /* UIImage+Extension.swift in Sources */ = {isa = PBXBuildFile; fileRef = 4A68CB6E2753E8E9000BA368 /* UIImage+Extension.swift */; };
		4A68CB712754F93F000BA368 /* CoreGraphicsExtensions.swift in Sources */ = {isa = PBXBuildFile; fileRef = 4A68CB702754F93F000BA368 /* CoreGraphicsExtensions.swift */; };
		4A6C21F8275F8C2800234133 /* CreateInvitation.swift in Sources */ = {isa = PBXBuildFile; fileRef = 4A6C21F7275F8C2800234133 /* CreateInvitation.swift */; };
		4A6C21FE275FA66B00234133 /* CreateInvitationResponse.swift in Sources */ = {isa = PBXBuildFile; fileRef = 4A6C21FD275FA66B00234133 /* CreateInvitationResponse.swift */; };
		4A6D64D5274E386000022CBE /* MenuViewController.swift in Sources */ = {isa = PBXBuildFile; fileRef = 4A6D64D4274E386000022CBE /* MenuViewController.swift */; };
		4A6D64D7274E61D800022CBE /* VibaMenuButton.swift in Sources */ = {isa = PBXBuildFile; fileRef = 4A6D64D6274E61D800022CBE /* VibaMenuButton.swift */; };
		4A6D64DA274E671F00022CBE /* VibaMenuButton.xib in Resources */ = {isa = PBXBuildFile; fileRef = 4A6D64D9274E671F00022CBE /* VibaMenuButton.xib */; };
		4A72CCAF273DA481008AA853 /* Reach.swift in Sources */ = {isa = PBXBuildFile; fileRef = 4A72CCAE273DA481008AA853 /* Reach.swift */; };
		4A72CCB1273DAAF4008AA853 /* UserServices.swift in Sources */ = {isa = PBXBuildFile; fileRef = 4A72CCB0273DAAF4008AA853 /* UserServices.swift */; };
		4A72CCB4273E3504008AA853 /* SmsAuthentication.swift in Sources */ = {isa = PBXBuildFile; fileRef = 4A72CCB3273E3504008AA853 /* SmsAuthentication.swift */; };
		4A72CCB6273E350E008AA853 /* EmailAuthentication.swift in Sources */ = {isa = PBXBuildFile; fileRef = 4A72CCB5273E350E008AA853 /* EmailAuthentication.swift */; };
		4A72CCBB273E3786008AA853 /* ErrorResponse.swift in Sources */ = {isa = PBXBuildFile; fileRef = 4A72CCBA273E3786008AA853 /* ErrorResponse.swift */; };
		4A72CCBD273EBB2A008AA853 /* RegisterUser.swift in Sources */ = {isa = PBXBuildFile; fileRef = 4A72CCBC273EBB2A008AA853 /* RegisterUser.swift */; };
		4A72CCBF273EE1B6008AA853 /* Company.swift in Sources */ = {isa = PBXBuildFile; fileRef = 4A72CCBE273EE1B6008AA853 /* Company.swift */; };
		4A72CCC1273EE1F6008AA853 /* CompanyDetailsResponse.swift in Sources */ = {isa = PBXBuildFile; fileRef = 4A72CCC0273EE1F6008AA853 /* CompanyDetailsResponse.swift */; };
		4A72CCC3273FCE02008AA853 /* ValidateSmsOtp.swift in Sources */ = {isa = PBXBuildFile; fileRef = 4A72CCC2273FCE02008AA853 /* ValidateSmsOtp.swift */; };
		4A72CCC5273FCFBA008AA853 /* ValidateEmailOtp.swift in Sources */ = {isa = PBXBuildFile; fileRef = 4A72CCC4273FCFBA008AA853 /* ValidateEmailOtp.swift */; };
		4A72CCD227402594008AA853 /* circles.json in Resources */ = {isa = PBXBuildFile; fileRef = 4A72CCD127402594008AA853 /* circles.json */; };
		4A72CCD4274025CC008AA853 /* UIViewController+Extension.swift in Sources */ = {isa = PBXBuildFile; fileRef = 4A72CCD3274025CC008AA853 /* UIViewController+Extension.swift */; };
		4A72CCDB2740284C008AA853 /* AlertLottie.storyboard in Resources */ = {isa = PBXBuildFile; fileRef = 4A72CCD82740284C008AA853 /* AlertLottie.storyboard */; };
		4A72CCDC2740284C008AA853 /* AlertLottieViewController.swift in Sources */ = {isa = PBXBuildFile; fileRef = 4A72CCD92740284C008AA853 /* AlertLottieViewController.swift */; };
		4A72CCDD2740284C008AA853 /* IGProgress.swift in Sources */ = {isa = PBXBuildFile; fileRef = 4A72CCDA2740284C008AA853 /* IGProgress.swift */; };
		4A72CCDF27402E78008AA853 /* String+Extension.swift in Sources */ = {isa = PBXBuildFile; fileRef = 4A72CCDE27402E78008AA853 /* String+Extension.swift */; };
		4A7784DD273CEE0600E9E168 /* VibaRadioButton.swift in Sources */ = {isa = PBXBuildFile; fileRef = 4A7784DC273CEE0600E9E168 /* VibaRadioButton.swift */; };
		4A78FB5427417F36000BFCFF /* PicCaptureViewController.swift in Sources */ = {isa = PBXBuildFile; fileRef = 4A78FB5327417F36000BFCFF /* PicCaptureViewController.swift */; };
		4A8482E527492B62002463D5 /* DashBoardWithTabs.storyboard in Resources */ = {isa = PBXBuildFile; fileRef = 4A8482E427492B62002463D5 /* DashBoardWithTabs.storyboard */; };
		4A8A6898273D8ABA00491060 /* NetworkManager.swift in Sources */ = {isa = PBXBuildFile; fileRef = 4A8A6897273D8ABA00491060 /* NetworkManager.swift */; };
		4A8E3D2C2789922B003E32A9 /* ReviewViewController.swift in Sources */ = {isa = PBXBuildFile; fileRef = 4A8E3D2B2789922A003E32A9 /* ReviewViewController.swift */; };
		4A93D238276067B50000759C /* InvitationListResponse.swift in Sources */ = {isa = PBXBuildFile; fileRef = 4A93D237276067B50000759C /* InvitationListResponse.swift */; };
		4A93D23A2760DAF30000759C /* CheckInOrgResponse.swift in Sources */ = {isa = PBXBuildFile; fileRef = 4A93D2392760DAF30000759C /* CheckInOrgResponse.swift */; };
		4AB5F00E2739122E007DB9FF /* AppDelegate.swift in Sources */ = {isa = PBXBuildFile; fileRef = 4AB5F00D2739122E007DB9FF /* AppDelegate.swift */; };
		4AB5F0102739122E007DB9FF /* SceneDelegate.swift in Sources */ = {isa = PBXBuildFile; fileRef = 4AB5F00F2739122E007DB9FF /* SceneDelegate.swift */; };
		4AB5F0122739122E007DB9FF /* LoginViewController.swift in Sources */ = {isa = PBXBuildFile; fileRef = 4AB5F0112739122E007DB9FF /* LoginViewController.swift */; };
		4AB5F0152739122E007DB9FF /* Main.storyboard in Resources */ = {isa = PBXBuildFile; fileRef = 4AB5F0132739122E007DB9FF /* Main.storyboard */; };
		4AB5F0172739122F007DB9FF /* Assets.xcassets in Resources */ = {isa = PBXBuildFile; fileRef = 4AB5F0162739122F007DB9FF /* Assets.xcassets */; };
		4AB5F01A2739122F007DB9FF /* LaunchScreen.storyboard in Resources */ = {isa = PBXBuildFile; fileRef = 4AB5F0182739122F007DB9FF /* LaunchScreen.storyboard */; };
		4ABAC1D5273AAC65008DB1BD /* OTPViewController.swift in Sources */ = {isa = PBXBuildFile; fileRef = 4ABAC1D4273AAC65008DB1BD /* OTPViewController.swift */; };
		4AC8D2842756405D003C09AD /* ClockInOutResponse.swift in Sources */ = {isa = PBXBuildFile; fileRef = 4AC8D2832756405D003C09AD /* ClockInOutResponse.swift */; };
		4AC8D2862756414D003C09AD /* ClockInOut.swift in Sources */ = {isa = PBXBuildFile; fileRef = 4AC8D2852756414D003C09AD /* ClockInOut.swift */; };
		4AC8D28827567FD3003C09AD /* ProfileResponse.swift in Sources */ = {isa = PBXBuildFile; fileRef = 4AC8D28727567FD3003C09AD /* ProfileResponse.swift */; };
		4AC8D28A27568006003C09AD /* ProfileServices.swift in Sources */ = {isa = PBXBuildFile; fileRef = 4AC8D28927568006003C09AD /* ProfileServices.swift */; };
		4AC8D28C27569A04003C09AD /* EmptyRequest.swift in Sources */ = {isa = PBXBuildFile; fileRef = 4AC8D28B27569A04003C09AD /* EmptyRequest.swift */; };
		4AC8D28E27573DE8003C09AD /* Permissions.storyboard in Resources */ = {isa = PBXBuildFile; fileRef = 4AC8D28D27573DE8003C09AD /* Permissions.storyboard */; };
		4AC8D29227579FE0003C09AD /* VibaImageCache.swift in Sources */ = {isa = PBXBuildFile; fileRef = 4AC8D29127579FE0003C09AD /* VibaImageCache.swift */; };
		4AC8D2942757C3E2003C09AD /* DashboardServices.swift in Sources */ = {isa = PBXBuildFile; fileRef = 4AC8D2932757C3E2003C09AD /* DashboardServices.swift */; };
		4AC8D2962757D048003C09AD /* CheckInOutListPerDayResponse.swift in Sources */ = {isa = PBXBuildFile; fileRef = 4AC8D2952757D048003C09AD /* CheckInOutListPerDayResponse.swift */; };
		4AD61BB22771ABA200CBF5D6 /* FaceView.storyboard in Resources */ = {isa = PBXBuildFile; fileRef = 4AD61BAE2771ABA200CBF5D6 /* FaceView.storyboard */; };
		4AD61BB32771ABA200CBF5D6 /* FaceDetectionViewController.swift in Sources */ = {isa = PBXBuildFile; fileRef = 4AD61BAF2771ABA200CBF5D6 /* FaceDetectionViewController.swift */; };
		4AD61BB42771ABA200CBF5D6 /* CGImage+Extension.swift in Sources */ = {isa = PBXBuildFile; fileRef = 4AD61BB02771ABA200CBF5D6 /* CGImage+Extension.swift */; };
		4AD61BB52771ABA200CBF5D6 /* FaceView.swift in Sources */ = {isa = PBXBuildFile; fileRef = 4AD61BB12771ABA200CBF5D6 /* FaceView.swift */; };
		4AD78E84274F3EA000A27401 /* MenuTableViewCell.swift in Sources */ = {isa = PBXBuildFile; fileRef = 4AD78E83274F3EA000A27401 /* MenuTableViewCell.swift */; };
		4AD78ECB274F6C8900A27401 /* TabViewController.swift in Sources */ = {isa = PBXBuildFile; fileRef = 4AD78ECA274F6C8900A27401 /* TabViewController.swift */; };
		4AD78ECD274F6C9D00A27401 /* TabController.storyboard in Resources */ = {isa = PBXBuildFile; fileRef = 4AD78ECC274F6C9D00A27401 /* TabController.storyboard */; };
		4AD78ECF2750951000A27401 /* VibaTabButton.swift in Sources */ = {isa = PBXBuildFile; fileRef = 4AD78ECE2750951000A27401 /* VibaTabButton.swift */; };
		4AD78ED42750F30E00A27401 /* NotificationsViewController.swift in Sources */ = {isa = PBXBuildFile; fileRef = 4AD78ED32750F30E00A27401 /* NotificationsViewController.swift */; };
		4AD78ED62750F4E300A27401 /* PreInvitationViewController.swift in Sources */ = {isa = PBXBuildFile; fileRef = 4AD78ED52750F4E300A27401 /* PreInvitationViewController.swift */; };
		4AD78ED82751078B00A27401 /* NotificationTableViewCell.swift in Sources */ = {isa = PBXBuildFile; fileRef = 4AD78ED72751078B00A27401 /* NotificationTableViewCell.swift */; };
		4AD78EDB27514C5B00A27401 /* PreInvitationTableViewCell.swift in Sources */ = {isa = PBXBuildFile; fileRef = 4AD78EDA27514C5B00A27401 /* PreInvitationTableViewCell.swift */; };
		4AD78EDD27514C7400A27401 /* PreInvitationDetailTableViewCell.swift in Sources */ = {isa = PBXBuildFile; fileRef = 4AD78EDC27514C7400A27401 /* PreInvitationDetailTableViewCell.swift */; };
		4AD78EE02751C34300A27401 /* SendPreInvitationViewController.swift in Sources */ = {isa = PBXBuildFile; fileRef = 4AD78EDF2751C34300A27401 /* SendPreInvitationViewController.swift */; };
		4AD998952789B85D006F7FC4 /* LoadingViewController.swift in Sources */ = {isa = PBXBuildFile; fileRef = 4AD998942789B85D006F7FC4 /* LoadingViewController.swift */; };
		4AD998982789B8AD006F7FC4 /* splash.gif in Resources */ = {isa = PBXBuildFile; fileRef = 4AD998972789B8AD006F7FC4 /* splash.gif */; };
		4AD9989A2789BFA1006F7FC4 /* loading.json in Resources */ = {isa = PBXBuildFile; fileRef = 4AD998992789BFA0006F7FC4 /* loading.json */; };
		4ADB3A552740F3F900A0D750 /* UserRegistrrationDetails.swift in Sources */ = {isa = PBXBuildFile; fileRef = 4ADB3A542740F3F900A0D750 /* UserRegistrrationDetails.swift */; };
		4ADB3A572741080400A0D750 /* ValidateRegistraionOTP.swift in Sources */ = {isa = PBXBuildFile; fileRef = 4ADB3A562741080400A0D750 /* ValidateRegistraionOTP.swift */; };
		4ADB3A59274118E300A0D750 /* GeneralResponse.swift in Sources */ = {isa = PBXBuildFile; fileRef = 4ADB3A58274118E300A0D750 /* GeneralResponse.swift */; };
		4ADB3A5B2741198F00A0D750 /* ResendRegistrationOtp.swift in Sources */ = {isa = PBXBuildFile; fileRef = 4ADB3A5A2741198F00A0D750 /* ResendRegistrationOtp.swift */; };
		4ADB3A5D274166F300A0D750 /* Date+Extension.swift in Sources */ = {isa = PBXBuildFile; fileRef = 4ADB3A5C274166F300A0D750 /* Date+Extension.swift */; };
		4AFC562E27391E7100E064E9 /* Android.ttf in Resources */ = {isa = PBXBuildFile; fileRef = 4AFC562D27391E7100E064E9 /* Android.ttf */; };
		4AFC5634273926AD00E064E9 /* UIView+Extension.swift in Sources */ = {isa = PBXBuildFile; fileRef = 4AFC5633273926AD00E064E9 /* UIView+Extension.swift */; };
		4AFC56382739285500E064E9 /* Constants.swift in Sources */ = {isa = PBXBuildFile; fileRef = 4AFC56372739285500E064E9 /* Constants.swift */; };
		4AFC563A27392FF800E064E9 /* Utility.swift in Sources */ = {isa = PBXBuildFile; fileRef = 4AFC563927392FF800E064E9 /* Utility.swift */; };
		4AFC563C2739305E00E064E9 /* UIColor+Extension.swift in Sources */ = {isa = PBXBuildFile; fileRef = 4AFC563B2739305E00E064E9 /* UIColor+Extension.swift */; };
		4AFC563E2739483100E064E9 /* VibaButton.swift in Sources */ = {isa = PBXBuildFile; fileRef = 4AFC563D2739483100E064E9 /* VibaButton.swift */; };
		C2170D8DFC64E3718CD680BE /* Pods_Viba.framework in Frameworks */ = {isa = PBXBuildFile; fileRef = 58FD05061B555415110E7E68 /* Pods_Viba.framework */; };
/* End PBXBuildFile section */

/* Begin PBXFileReference section */
		4A109DF7274D4991009D2002 /* Poppins-Italic.ttf */ = {isa = PBXFileReference; lastKnownFileType = file; path = "Poppins-Italic.ttf"; sourceTree = "<group>"; };
		4A1617AE2739512C00640236 /* VibaTextField.swift */ = {isa = PBXFileReference; fileEncoding = 4; lastKnownFileType = sourcecode.swift; path = VibaTextField.swift; sourceTree = "<group>"; };
		4A1617B8273A40B700640236 /* Poppins-Regular.ttf */ = {isa = PBXFileReference; lastKnownFileType = file; path = "Poppins-Regular.ttf"; sourceTree = "<group>"; };
		4A1617BA273A40D700640236 /* VibaLabel.swift */ = {isa = PBXFileReference; lastKnownFileType = sourcecode.swift; path = VibaLabel.swift; sourceTree = "<group>"; };
		4A1617BC273A42CF00640236 /* VibaBorderButton.swift */ = {isa = PBXFileReference; lastKnownFileType = sourcecode.swift; path = VibaBorderButton.swift; sourceTree = "<group>"; };
		4A1617BE273A45C300640236 /* Poppins-Medium.ttf */ = {isa = PBXFileReference; lastKnownFileType = file; path = "Poppins-Medium.ttf"; sourceTree = "<group>"; };
		4A1617C4273A5FAD00640236 /* VibaNormalButton.swift */ = {isa = PBXFileReference; lastKnownFileType = sourcecode.swift; path = VibaNormalButton.swift; sourceTree = "<group>"; };
		4A21A194273B67290002D052 /* VibaMediumLabel.swift */ = {isa = PBXFileReference; lastKnownFileType = sourcecode.swift; path = VibaMediumLabel.swift; sourceTree = "<group>"; };
		4A21A197273B89E50002D052 /* EmployeeDetailsViewController.swift */ = {isa = PBXFileReference; lastKnownFileType = sourcecode.swift; path = EmployeeDetailsViewController.swift; sourceTree = "<group>"; };
		4A21A199273B89F30002D052 /* SignupViewController.swift */ = {isa = PBXFileReference; lastKnownFileType = sourcecode.swift; path = SignupViewController.swift; sourceTree = "<group>"; };
		4A21A19B273B913F0002D052 /* VibaRoundCornerView.swift */ = {isa = PBXFileReference; lastKnownFileType = sourcecode.swift; path = VibaRoundCornerView.swift; sourceTree = "<group>"; };
		4A21A19D273B9B600002D052 /* SignupPageViewController.swift */ = {isa = PBXFileReference; lastKnownFileType = sourcecode.swift; path = SignupPageViewController.swift; sourceTree = "<group>"; };
		4A21A19F273B9C010002D052 /* VerifyViewController.swift */ = {isa = PBXFileReference; lastKnownFileType = sourcecode.swift; path = VerifyViewController.swift; sourceTree = "<group>"; };
		4A21A1A1273B9D100002D052 /* FaceCaptureViewController.swift */ = {isa = PBXFileReference; lastKnownFileType = sourcecode.swift; path = FaceCaptureViewController.swift; sourceTree = "<group>"; };
		4A3DDA70274B6A1A002FF884 /* ClockInOutTableViewCell.swift */ = {isa = PBXFileReference; lastKnownFileType = sourcecode.swift; path = ClockInOutTableViewCell.swift; sourceTree = "<group>"; };
		4A3DDA75274B9405002FF884 /* ClockInOutTableViewCell.xib */ = {isa = PBXFileReference; lastKnownFileType = file.xib; path = ClockInOutTableViewCell.xib; sourceTree = "<group>"; };
		4A468A70275A2B9100211FD4 /* DataManager.swift */ = {isa = PBXFileReference; lastKnownFileType = sourcecode.swift; path = DataManager.swift; sourceTree = "<group>"; };
		4A4A8683273BF1E000811EBC /* SignupProtocol.swift */ = {isa = PBXFileReference; lastKnownFileType = sourcecode.swift; path = SignupProtocol.swift; sourceTree = "<group>"; };
		4A4D21AD275896E5001B9964 /* VibaNoRecordsCell.swift */ = {isa = PBXFileReference; lastKnownFileType = sourcecode.swift; path = VibaNoRecordsCell.swift; sourceTree = "<group>"; };
		4A5AA7AA274934E800084866 /* VibaCircularImage.swift */ = {isa = PBXFileReference; lastKnownFileType = sourcecode.swift; path = VibaCircularImage.swift; sourceTree = "<group>"; };
		4A5AA7AC2749541500084866 /* VibaRoundImageButton.swift */ = {isa = PBXFileReference; lastKnownFileType = sourcecode.swift; path = VibaRoundImageButton.swift; sourceTree = "<group>"; };
		4A5E31BD2768ADE7002907C3 /* Cache.swift */ = {isa = PBXFileReference; lastKnownFileType = sourcecode.swift; path = Cache.swift; sourceTree = "<group>"; };
		4A5E47762748E59F00239676 /* ClockInOutViewController.swift */ = {isa = PBXFileReference; lastKnownFileType = sourcecode.swift; path = ClockInOutViewController.swift; sourceTree = "<group>"; };
		4A5E47782748E5AB00239676 /* TimesheetViewController.swift */ = {isa = PBXFileReference; lastKnownFileType = sourcecode.swift; path = TimesheetViewController.swift; sourceTree = "<group>"; };
		4A5E477A2748E5B700239676 /* ProfileViewController.swift */ = {isa = PBXFileReference; lastKnownFileType = sourcecode.swift; path = ProfileViewController.swift; sourceTree = "<group>"; };
		4A5E477C2748E5C600239676 /* DashboardViewController.swift */ = {isa = PBXFileReference; lastKnownFileType = sourcecode.swift; path = DashboardViewController.swift; sourceTree = "<group>"; };
		4A5F7194274179F800D4A29E /* LoginOTPResponse.swift */ = {isa = PBXFileReference; lastKnownFileType = sourcecode.swift; path = LoginOTPResponse.swift; sourceTree = "<group>"; };
		4A68CB6227533F39000BA368 /* VibaSwitch.swift */ = {isa = PBXFileReference; lastKnownFileType = sourcecode.swift; path = VibaSwitch.swift; sourceTree = "<group>"; };
		4A68CB64275345A9000BA368 /* PermissionViewController.swift */ = {isa = PBXFileReference; lastKnownFileType = sourcecode.swift; path = PermissionViewController.swift; sourceTree = "<group>"; };
		4A68CB6727534794000BA368 /* LoocationManager.swift */ = {isa = PBXFileReference; lastKnownFileType = sourcecode.swift; path = LoocationManager.swift; sourceTree = "<group>"; };
		4A68CB6C2753E7E9000BA368 /* UploadUserImage.swift */ = {isa = PBXFileReference; lastKnownFileType = sourcecode.swift; path = UploadUserImage.swift; sourceTree = "<group>"; };
		4A68CB6E2753E8E9000BA368 /* UIImage+Extension.swift */ = {isa = PBXFileReference; lastKnownFileType = sourcecode.swift; path = "UIImage+Extension.swift"; sourceTree = "<group>"; };
		4A68CB702754F93F000BA368 /* CoreGraphicsExtensions.swift */ = {isa = PBXFileReference; fileEncoding = 4; lastKnownFileType = sourcecode.swift; path = CoreGraphicsExtensions.swift; sourceTree = "<group>"; };
		4A6C21F7275F8C2800234133 /* CreateInvitation.swift */ = {isa = PBXFileReference; lastKnownFileType = sourcecode.swift; path = CreateInvitation.swift; sourceTree = "<group>"; };
		4A6C21FD275FA66B00234133 /* CreateInvitationResponse.swift */ = {isa = PBXFileReference; lastKnownFileType = sourcecode.swift; path = CreateInvitationResponse.swift; sourceTree = "<group>"; };
		4A6D64D4274E386000022CBE /* MenuViewController.swift */ = {isa = PBXFileReference; lastKnownFileType = sourcecode.swift; path = MenuViewController.swift; sourceTree = "<group>"; };
		4A6D64D6274E61D800022CBE /* VibaMenuButton.swift */ = {isa = PBXFileReference; lastKnownFileType = sourcecode.swift; path = VibaMenuButton.swift; sourceTree = "<group>"; };
		4A6D64D9274E671F00022CBE /* VibaMenuButton.xib */ = {isa = PBXFileReference; lastKnownFileType = file.xib; path = VibaMenuButton.xib; sourceTree = "<group>"; };
		4A72CCAE273DA481008AA853 /* Reach.swift */ = {isa = PBXFileReference; fileEncoding = 4; lastKnownFileType = sourcecode.swift; path = Reach.swift; sourceTree = "<group>"; };
		4A72CCB0273DAAF4008AA853 /* UserServices.swift */ = {isa = PBXFileReference; lastKnownFileType = sourcecode.swift; path = UserServices.swift; sourceTree = "<group>"; };
		4A72CCB3273E3504008AA853 /* SmsAuthentication.swift */ = {isa = PBXFileReference; lastKnownFileType = sourcecode.swift; path = SmsAuthentication.swift; sourceTree = "<group>"; };
		4A72CCB5273E350E008AA853 /* EmailAuthentication.swift */ = {isa = PBXFileReference; lastKnownFileType = sourcecode.swift; path = EmailAuthentication.swift; sourceTree = "<group>"; };
		4A72CCBA273E3786008AA853 /* ErrorResponse.swift */ = {isa = PBXFileReference; lastKnownFileType = sourcecode.swift; path = ErrorResponse.swift; sourceTree = "<group>"; };
		4A72CCBC273EBB2A008AA853 /* RegisterUser.swift */ = {isa = PBXFileReference; lastKnownFileType = sourcecode.swift; path = RegisterUser.swift; sourceTree = "<group>"; };
		4A72CCBE273EE1B6008AA853 /* Company.swift */ = {isa = PBXFileReference; lastKnownFileType = sourcecode.swift; path = Company.swift; sourceTree = "<group>"; };
		4A72CCC0273EE1F6008AA853 /* CompanyDetailsResponse.swift */ = {isa = PBXFileReference; lastKnownFileType = sourcecode.swift; path = CompanyDetailsResponse.swift; sourceTree = "<group>"; };
		4A72CCC2273FCE02008AA853 /* ValidateSmsOtp.swift */ = {isa = PBXFileReference; lastKnownFileType = sourcecode.swift; path = ValidateSmsOtp.swift; sourceTree = "<group>"; };
		4A72CCC4273FCFBA008AA853 /* ValidateEmailOtp.swift */ = {isa = PBXFileReference; lastKnownFileType = sourcecode.swift; path = ValidateEmailOtp.swift; sourceTree = "<group>"; };
		4A72CCD127402594008AA853 /* circles.json */ = {isa = PBXFileReference; fileEncoding = 4; lastKnownFileType = text.json; path = circles.json; sourceTree = "<group>"; };
		4A72CCD3274025CC008AA853 /* UIViewController+Extension.swift */ = {isa = PBXFileReference; lastKnownFileType = sourcecode.swift; path = "UIViewController+Extension.swift"; sourceTree = "<group>"; };
		4A72CCD82740284C008AA853 /* AlertLottie.storyboard */ = {isa = PBXFileReference; fileEncoding = 4; lastKnownFileType = file.storyboard; path = AlertLottie.storyboard; sourceTree = "<group>"; };
		4A72CCD92740284C008AA853 /* AlertLottieViewController.swift */ = {isa = PBXFileReference; fileEncoding = 4; lastKnownFileType = sourcecode.swift; path = AlertLottieViewController.swift; sourceTree = "<group>"; };
		4A72CCDA2740284C008AA853 /* IGProgress.swift */ = {isa = PBXFileReference; fileEncoding = 4; lastKnownFileType = sourcecode.swift; path = IGProgress.swift; sourceTree = "<group>"; };
		4A72CCDE27402E78008AA853 /* String+Extension.swift */ = {isa = PBXFileReference; lastKnownFileType = sourcecode.swift; path = "String+Extension.swift"; sourceTree = "<group>"; };
		4A7784DC273CEE0600E9E168 /* VibaRadioButton.swift */ = {isa = PBXFileReference; lastKnownFileType = sourcecode.swift; path = VibaRadioButton.swift; sourceTree = "<group>"; };
		4A78FB5327417F36000BFCFF /* PicCaptureViewController.swift */ = {isa = PBXFileReference; lastKnownFileType = sourcecode.swift; path = PicCaptureViewController.swift; sourceTree = "<group>"; };
		4A8482E427492B62002463D5 /* DashBoardWithTabs.storyboard */ = {isa = PBXFileReference; fileEncoding = 4; lastKnownFileType = file.storyboard; path = DashBoardWithTabs.storyboard; sourceTree = "<group>"; };
		4A8A6897273D8ABA00491060 /* NetworkManager.swift */ = {isa = PBXFileReference; lastKnownFileType = sourcecode.swift; path = NetworkManager.swift; sourceTree = "<group>"; };
		4A8E3D2B2789922A003E32A9 /* ReviewViewController.swift */ = {isa = PBXFileReference; lastKnownFileType = sourcecode.swift; path = ReviewViewController.swift; sourceTree = "<group>"; };
		4A93D237276067B50000759C /* InvitationListResponse.swift */ = {isa = PBXFileReference; lastKnownFileType = sourcecode.swift; path = InvitationListResponse.swift; sourceTree = "<group>"; };
		4A93D2392760DAF30000759C /* CheckInOrgResponse.swift */ = {isa = PBXFileReference; lastKnownFileType = sourcecode.swift; path = CheckInOrgResponse.swift; sourceTree = "<group>"; };
		4AB5F00A2739122D007DB9FF /* VIBA-EMS.app */ = {isa = PBXFileReference; explicitFileType = wrapper.application; includeInIndex = 0; path = "VIBA-EMS.app"; sourceTree = BUILT_PRODUCTS_DIR; };
		4AB5F00D2739122E007DB9FF /* AppDelegate.swift */ = {isa = PBXFileReference; lastKnownFileType = sourcecode.swift; path = AppDelegate.swift; sourceTree = "<group>"; };
		4AB5F00F2739122E007DB9FF /* SceneDelegate.swift */ = {isa = PBXFileReference; lastKnownFileType = sourcecode.swift; path = SceneDelegate.swift; sourceTree = "<group>"; };
		4AB5F0112739122E007DB9FF /* LoginViewController.swift */ = {isa = PBXFileReference; lastKnownFileType = sourcecode.swift; path = LoginViewController.swift; sourceTree = "<group>"; };
		4AB5F0142739122E007DB9FF /* Base */ = {isa = PBXFileReference; lastKnownFileType = file.storyboard; name = Base; path = Base.lproj/Main.storyboard; sourceTree = "<group>"; };
		4AB5F0162739122F007DB9FF /* Assets.xcassets */ = {isa = PBXFileReference; lastKnownFileType = folder.assetcatalog; path = Assets.xcassets; sourceTree = "<group>"; };
		4AB5F0192739122F007DB9FF /* Base */ = {isa = PBXFileReference; lastKnownFileType = file.storyboard; name = Base; path = Base.lproj/LaunchScreen.storyboard; sourceTree = "<group>"; };
		4AB5F01B2739122F007DB9FF /* Info.plist */ = {isa = PBXFileReference; lastKnownFileType = text.plist.xml; path = Info.plist; sourceTree = "<group>"; };
		4ABAC1D4273AAC65008DB1BD /* OTPViewController.swift */ = {isa = PBXFileReference; lastKnownFileType = sourcecode.swift; path = OTPViewController.swift; sourceTree = "<group>"; };
		4AC8D2832756405D003C09AD /* ClockInOutResponse.swift */ = {isa = PBXFileReference; lastKnownFileType = sourcecode.swift; path = ClockInOutResponse.swift; sourceTree = "<group>"; };
		4AC8D2852756414D003C09AD /* ClockInOut.swift */ = {isa = PBXFileReference; lastKnownFileType = sourcecode.swift; path = ClockInOut.swift; sourceTree = "<group>"; };
		4AC8D28727567FD3003C09AD /* ProfileResponse.swift */ = {isa = PBXFileReference; lastKnownFileType = sourcecode.swift; path = ProfileResponse.swift; sourceTree = "<group>"; };
		4AC8D28927568006003C09AD /* ProfileServices.swift */ = {isa = PBXFileReference; lastKnownFileType = sourcecode.swift; path = ProfileServices.swift; sourceTree = "<group>"; };
		4AC8D28B27569A04003C09AD /* EmptyRequest.swift */ = {isa = PBXFileReference; lastKnownFileType = sourcecode.swift; path = EmptyRequest.swift; sourceTree = "<group>"; };
		4AC8D28D27573DE8003C09AD /* Permissions.storyboard */ = {isa = PBXFileReference; fileEncoding = 4; lastKnownFileType = file.storyboard; path = Permissions.storyboard; sourceTree = "<group>"; };
		4AC8D29127579FE0003C09AD /* VibaImageCache.swift */ = {isa = PBXFileReference; lastKnownFileType = sourcecode.swift; path = VibaImageCache.swift; sourceTree = "<group>"; };
		4AC8D2932757C3E2003C09AD /* DashboardServices.swift */ = {isa = PBXFileReference; lastKnownFileType = sourcecode.swift; path = DashboardServices.swift; sourceTree = "<group>"; };
		4AC8D2952757D048003C09AD /* CheckInOutListPerDayResponse.swift */ = {isa = PBXFileReference; lastKnownFileType = sourcecode.swift; path = CheckInOutListPerDayResponse.swift; sourceTree = "<group>"; };
		4AD61BAE2771ABA200CBF5D6 /* FaceView.storyboard */ = {isa = PBXFileReference; fileEncoding = 4; lastKnownFileType = file.storyboard; path = FaceView.storyboard; sourceTree = "<group>"; };
		4AD61BAF2771ABA200CBF5D6 /* FaceDetectionViewController.swift */ = {isa = PBXFileReference; fileEncoding = 4; lastKnownFileType = sourcecode.swift; path = FaceDetectionViewController.swift; sourceTree = "<group>"; };
		4AD61BB02771ABA200CBF5D6 /* CGImage+Extension.swift */ = {isa = PBXFileReference; fileEncoding = 4; lastKnownFileType = sourcecode.swift; path = "CGImage+Extension.swift"; sourceTree = "<group>"; };
		4AD61BB12771ABA200CBF5D6 /* FaceView.swift */ = {isa = PBXFileReference; fileEncoding = 4; lastKnownFileType = sourcecode.swift; path = FaceView.swift; sourceTree = "<group>"; };
		4AD78E83274F3EA000A27401 /* MenuTableViewCell.swift */ = {isa = PBXFileReference; lastKnownFileType = sourcecode.swift; path = MenuTableViewCell.swift; sourceTree = "<group>"; };
		4AD78ECA274F6C8900A27401 /* TabViewController.swift */ = {isa = PBXFileReference; lastKnownFileType = sourcecode.swift; path = TabViewController.swift; sourceTree = "<group>"; };
		4AD78ECC274F6C9D00A27401 /* TabController.storyboard */ = {isa = PBXFileReference; lastKnownFileType = file.storyboard; path = TabController.storyboard; sourceTree = "<group>"; };
		4AD78ECE2750951000A27401 /* VibaTabButton.swift */ = {isa = PBXFileReference; lastKnownFileType = sourcecode.swift; path = VibaTabButton.swift; sourceTree = "<group>"; };
		4AD78ED32750F30E00A27401 /* NotificationsViewController.swift */ = {isa = PBXFileReference; lastKnownFileType = sourcecode.swift; path = NotificationsViewController.swift; sourceTree = "<group>"; };
		4AD78ED52750F4E300A27401 /* PreInvitationViewController.swift */ = {isa = PBXFileReference; lastKnownFileType = sourcecode.swift; path = PreInvitationViewController.swift; sourceTree = "<group>"; };
		4AD78ED72751078B00A27401 /* NotificationTableViewCell.swift */ = {isa = PBXFileReference; lastKnownFileType = sourcecode.swift; path = NotificationTableViewCell.swift; sourceTree = "<group>"; };
		4AD78EDA27514C5B00A27401 /* PreInvitationTableViewCell.swift */ = {isa = PBXFileReference; lastKnownFileType = sourcecode.swift; path = PreInvitationTableViewCell.swift; sourceTree = "<group>"; };
		4AD78EDC27514C7400A27401 /* PreInvitationDetailTableViewCell.swift */ = {isa = PBXFileReference; lastKnownFileType = sourcecode.swift; path = PreInvitationDetailTableViewCell.swift; sourceTree = "<group>"; };
		4AD78EDF2751C34300A27401 /* SendPreInvitationViewController.swift */ = {isa = PBXFileReference; lastKnownFileType = sourcecode.swift; path = SendPreInvitationViewController.swift; sourceTree = "<group>"; };
		4AD998942789B85D006F7FC4 /* LoadingViewController.swift */ = {isa = PBXFileReference; lastKnownFileType = sourcecode.swift; path = LoadingViewController.swift; sourceTree = "<group>"; };
		4AD998972789B8AD006F7FC4 /* splash.gif */ = {isa = PBXFileReference; lastKnownFileType = image.gif; path = splash.gif; sourceTree = "<group>"; };
		4AD998992789BFA0006F7FC4 /* loading.json */ = {isa = PBXFileReference; fileEncoding = 4; lastKnownFileType = text.json; path = loading.json; sourceTree = "<group>"; };
		4ADB3A542740F3F900A0D750 /* UserRegistrrationDetails.swift */ = {isa = PBXFileReference; lastKnownFileType = sourcecode.swift; path = UserRegistrrationDetails.swift; sourceTree = "<group>"; };
		4ADB3A562741080400A0D750 /* ValidateRegistraionOTP.swift */ = {isa = PBXFileReference; lastKnownFileType = sourcecode.swift; path = ValidateRegistraionOTP.swift; sourceTree = "<group>"; };
		4ADB3A58274118E300A0D750 /* GeneralResponse.swift */ = {isa = PBXFileReference; lastKnownFileType = sourcecode.swift; path = GeneralResponse.swift; sourceTree = "<group>"; };
		4ADB3A5A2741198F00A0D750 /* ResendRegistrationOtp.swift */ = {isa = PBXFileReference; lastKnownFileType = sourcecode.swift; path = ResendRegistrationOtp.swift; sourceTree = "<group>"; };
		4ADB3A5C274166F300A0D750 /* Date+Extension.swift */ = {isa = PBXFileReference; lastKnownFileType = sourcecode.swift; path = "Date+Extension.swift"; sourceTree = "<group>"; };
		4AFC562D27391E7100E064E9 /* Android.ttf */ = {isa = PBXFileReference; lastKnownFileType = file; path = Android.ttf; sourceTree = "<group>"; };
		4AFC5633273926AD00E064E9 /* UIView+Extension.swift */ = {isa = PBXFileReference; lastKnownFileType = sourcecode.swift; path = "UIView+Extension.swift"; sourceTree = "<group>"; };
		4AFC56372739285500E064E9 /* Constants.swift */ = {isa = PBXFileReference; lastKnownFileType = sourcecode.swift; path = Constants.swift; sourceTree = "<group>"; };
		4AFC563927392FF800E064E9 /* Utility.swift */ = {isa = PBXFileReference; lastKnownFileType = sourcecode.swift; path = Utility.swift; sourceTree = "<group>"; };
		4AFC563B2739305E00E064E9 /* UIColor+Extension.swift */ = {isa = PBXFileReference; lastKnownFileType = sourcecode.swift; path = "UIColor+Extension.swift"; sourceTree = "<group>"; };
		4AFC563D2739483100E064E9 /* VibaButton.swift */ = {isa = PBXFileReference; lastKnownFileType = sourcecode.swift; path = VibaButton.swift; sourceTree = "<group>"; };
		58FD05061B555415110E7E68 /* Pods_Viba.framework */ = {isa = PBXFileReference; explicitFileType = wrapper.framework; includeInIndex = 0; path = Pods_Viba.framework; sourceTree = BUILT_PRODUCTS_DIR; };
		626E51C03B65CD85C1189F02 /* Pods-Viba.release.xcconfig */ = {isa = PBXFileReference; includeInIndex = 1; lastKnownFileType = text.xcconfig; name = "Pods-Viba.release.xcconfig"; path = "Target Support Files/Pods-Viba/Pods-Viba.release.xcconfig"; sourceTree = "<group>"; };
		78410304A293F6562BF97E7F /* Pods-Viba.debug.xcconfig */ = {isa = PBXFileReference; includeInIndex = 1; lastKnownFileType = text.xcconfig; name = "Pods-Viba.debug.xcconfig"; path = "Target Support Files/Pods-Viba/Pods-Viba.debug.xcconfig"; sourceTree = "<group>"; };
/* End PBXFileReference section */

/* Begin PBXFrameworksBuildPhase section */
		4AB5F0072739122D007DB9FF /* Frameworks */ = {
			isa = PBXFrameworksBuildPhase;
			buildActionMask = 2147483647;
			files = (
				C2170D8DFC64E3718CD680BE /* Pods_Viba.framework in Frameworks */,
			);
			runOnlyForDeploymentPostprocessing = 0;
		};
/* End PBXFrameworksBuildPhase section */

/* Begin PBXGroup section */
		4A1617C0273A5A2200640236 /* ViewControllers */ = {
			isa = PBXGroup;
			children = (
				4A5E47702748DBE900239676 /* Dashboard */,
				4A1617C1273A5B1500640236 /* User */,
			);
			path = ViewControllers;
			sourceTree = "<group>";
		};
		4A1617C1273A5B1500640236 /* User */ = {
			isa = PBXGroup;
			children = (
				4AB5F0132739122E007DB9FF /* Main.storyboard */,
				4AD998942789B85D006F7FC4 /* LoadingViewController.swift */,
				4AD61BAD2771AB3D00CBF5D6 /* FV */,
				4A21A196273B87E90002D052 /* SignUp */,
				4A78FB5227417F0B000BFCFF /* Authenticate */,
				4A68CB6B2753E5ED000BA368 /* Permissions */,
			);
			path = User;
			sourceTree = "<group>";
		};
		4A21A196273B87E90002D052 /* SignUp */ = {
			isa = PBXGroup;
			children = (
				4A21A197273B89E50002D052 /* EmployeeDetailsViewController.swift */,
				4A21A19F273B9C010002D052 /* VerifyViewController.swift */,
				4A21A1A1273B9D100002D052 /* FaceCaptureViewController.swift */,
				4A21A199273B89F30002D052 /* SignupViewController.swift */,
				4A21A19D273B9B600002D052 /* SignupPageViewController.swift */,
				4A4A8683273BF1E000811EBC /* SignupProtocol.swift */,
				4A8E3D2B2789922A003E32A9 /* ReviewViewController.swift */,
			);
			path = SignUp;
			sourceTree = "<group>";
		};
		4A3DDA6F274B69F6002FF884 /* ClockInOut */ = {
			isa = PBXGroup;
			children = (
				4A5E47762748E59F00239676 /* ClockInOutViewController.swift */,
				4A3DDA70274B6A1A002FF884 /* ClockInOutTableViewCell.swift */,
				4A3DDA75274B9405002FF884 /* ClockInOutTableViewCell.xib */,
			);
			path = ClockInOut;
			sourceTree = "<group>";
		};
		4A5E31BF2768ADEE002907C3 /* Cache */ = {
			isa = PBXGroup;
			children = (
				4A5E31BD2768ADE7002907C3 /* Cache.swift */,
			);
			path = Cache;
			sourceTree = "<group>";
		};
		4A5E47702748DBE900239676 /* Dashboard */ = {
			isa = PBXGroup;
			children = (
				4A8482E427492B62002463D5 /* DashBoardWithTabs.storyboard */,
				4AD78ECC274F6C9D00A27401 /* TabController.storyboard */,
				4AD78ECA274F6C8900A27401 /* TabViewController.swift */,
				4A5E47752748E58D00239676 /* TabControllers */,
				4AD78ED22750C6AD00A27401 /* Menu */,
			);
			path = Dashboard;
			sourceTree = "<group>";
		};
		4A5E47752748E58D00239676 /* TabControllers */ = {
			isa = PBXGroup;
			children = (
				4A5E477C2748E5C600239676 /* DashboardViewController.swift */,
				4A5E47782748E5AB00239676 /* TimesheetViewController.swift */,
				4A5E477A2748E5B700239676 /* ProfileViewController.swift */,
				4A3DDA6F274B69F6002FF884 /* ClockInOut */,
				4AD78ED927511CE400A27401 /* Notifications */,
				4AD78EDE27514C7C00A27401 /* PreInvitation */,
			);
			path = TabControllers;
			sourceTree = "<group>";
		};
		4A68CB6627534788000BA368 /* Managers */ = {
			isa = PBXGroup;
			children = (
				4A68CB6727534794000BA368 /* LoocationManager.swift */,
				4A468A70275A2B9100211FD4 /* DataManager.swift */,
			);
			path = Managers;
			sourceTree = "<group>";
		};
		4A68CB6B2753E5ED000BA368 /* Permissions */ = {
			isa = PBXGroup;
			children = (
				4AC8D28D27573DE8003C09AD /* Permissions.storyboard */,
				4A68CB64275345A9000BA368 /* PermissionViewController.swift */,
			);
			path = Permissions;
			sourceTree = "<group>";
		};
		4A6C21FA275FA64200234133 /* Invitations */ = {
			isa = PBXGroup;
			children = (
				4A6C21FD275FA66B00234133 /* CreateInvitationResponse.swift */,
				4A93D237276067B50000759C /* InvitationListResponse.swift */,
			);
			path = Invitations;
			sourceTree = "<group>";
		};
		4A6C21FB275FA64A00234133 /* CloockInOut */ = {
			isa = PBXGroup;
			children = (
				4AC8D2852756414D003C09AD /* ClockInOut.swift */,
			);
			path = CloockInOut;
			sourceTree = "<group>";
		};
		4A6C21FC275FA65300234133 /* Invitations */ = {
			isa = PBXGroup;
			children = (
				4A6C21F7275F8C2800234133 /* CreateInvitation.swift */,
			);
			path = Invitations;
			sourceTree = "<group>";
		};
		4A6D64D8274E670F00022CBE /* VibaMenuButton */ = {
			isa = PBXGroup;
			children = (
				4A6D64D6274E61D800022CBE /* VibaMenuButton.swift */,
				4A6D64D9274E671F00022CBE /* VibaMenuButton.xib */,
			);
			path = VibaMenuButton;
			sourceTree = "<group>";
		};
		4A72CCAD273DA46E008AA853 /* Utility */ = {
			isa = PBXGroup;
			children = (
				4A72CCAE273DA481008AA853 /* Reach.swift */,
				4AFC563927392FF800E064E9 /* Utility.swift */,
			);
			path = Utility;
			sourceTree = "<group>";
		};
		4A72CCB2273E34E4008AA853 /* Models */ = {
			isa = PBXGroup;
			children = (
				4A72CCB9273E362E008AA853 /* Responses */,
				4A72CCB8273E35D8008AA853 /* Requests */,
			);
			path = Models;
			sourceTree = "<group>";
		};
		4A72CCB8273E35D8008AA853 /* Requests */ = {
			isa = PBXGroup;
			children = (
				4AE58252275B3ED00081FAC1 /* Login */,
				4AE58253275B3EF20081FAC1 /* Registrration */,
				4AE58254275B3F570081FAC1 /* Dashboard */,
				4AC8D28B27569A04003C09AD /* EmptyRequest.swift */,
			);
			path = Requests;
			sourceTree = "<group>";
		};
		4A72CCB9273E362E008AA853 /* Responses */ = {
			isa = PBXGroup;
			children = (
				4ADB3A58274118E300A0D750 /* GeneralResponse.swift */,
				4A72CCBA273E3786008AA853 /* ErrorResponse.swift */,
				4AE58250275B3DA70081FAC1 /* Registrration */,
				4AE58251275B3E810081FAC1 /* Login */,
				4AE58257275B3F960081FAC1 /* Dashboard */,
			);
			path = Responses;
			sourceTree = "<group>";
		};
		4A72CCC6274024DB008AA853 /* LottieJson */ = {
			isa = PBXGroup;
			children = (
				4AD998992789BFA0006F7FC4 /* loading.json */,
				4A72CCD127402594008AA853 /* circles.json */,
			);
			path = LottieJson;
			sourceTree = "<group>";
		};
		4A72CCD72740284C008AA853 /* Lottie */ = {
			isa = PBXGroup;
			children = (
				4A72CCD82740284C008AA853 /* AlertLottie.storyboard */,
				4A72CCD92740284C008AA853 /* AlertLottieViewController.swift */,
				4A72CCDA2740284C008AA853 /* IGProgress.swift */,
			);
			path = Lottie;
			sourceTree = "<group>";
		};
		4A78FB5227417F0B000BFCFF /* Authenticate */ = {
			isa = PBXGroup;
			children = (
				4ABAC1D4273AAC65008DB1BD /* OTPViewController.swift */,
				4AB5F0112739122E007DB9FF /* LoginViewController.swift */,
				4A78FB5327417F36000BFCFF /* PicCaptureViewController.swift */,
			);
			path = Authenticate;
			sourceTree = "<group>";
		};
		4A8A6896273D8AAC00491060 /* WebServices */ = {
			isa = PBXGroup;
			children = (
				4A8A6897273D8ABA00491060 /* NetworkManager.swift */,
				4A72CCB0273DAAF4008AA853 /* UserServices.swift */,
				4AC8D2932757C3E2003C09AD /* DashboardServices.swift */,
				4AC8D28927568006003C09AD /* ProfileServices.swift */,
			);
			path = WebServices;
			sourceTree = "<group>";
		};
		4AB5F0012739122D007DB9FF = {
			isa = PBXGroup;
			children = (
				4AB5F00C2739122D007DB9FF /* Viba */,
				4AB5F00B2739122D007DB9FF /* Products */,
				5A9BFA5AD80BA847150F3D37 /* Pods */,
				C08514EF83C7ADCFB0ACB3B3 /* Frameworks */,
			);
			sourceTree = "<group>";
		};
		4AB5F00B2739122D007DB9FF /* Products */ = {
			isa = PBXGroup;
			children = (
				4AB5F00A2739122D007DB9FF /* VIBA-EMS.app */,
			);
			name = Products;
			sourceTree = "<group>";
		};
		4AB5F00C2739122D007DB9FF /* Viba */ = {
			isa = PBXGroup;
			children = (
				4AFC56372739285500E064E9 /* Constants.swift */,
				4A68CB6627534788000BA368 /* Managers */,
				4A72CCB2273E34E4008AA853 /* Models */,
				4A72CCAD273DA46E008AA853 /* Utility */,
				4A8A6896273D8AAC00491060 /* WebServices */,
				4A1617C0273A5A2200640236 /* ViewControllers */,
				4AFC56322739268400E064E9 /* Custom */,
				4AFC56312739267C00E064E9 /* Extensions */,
				4AFC562B27391E1C00E064E9 /* Resources */,
				4AB5F00D2739122E007DB9FF /* AppDelegate.swift */,
				4AB5F00F2739122E007DB9FF /* SceneDelegate.swift */,
				4AB5F0162739122F007DB9FF /* Assets.xcassets */,
				4AB5F0182739122F007DB9FF /* LaunchScreen.storyboard */,
				4AB5F01B2739122F007DB9FF /* Info.plist */,
				4A5E31BF2768ADEE002907C3 /* Cache */,
			);
			path = Viba;
			sourceTree = "<group>";
		};
		4AD61BAD2771AB3D00CBF5D6 /* FV */ = {
			isa = PBXGroup;
			children = (
				4AD61BB02771ABA200CBF5D6 /* CGImage+Extension.swift */,
				4AD61BAF2771ABA200CBF5D6 /* FaceDetectionViewController.swift */,
				4AD61BAE2771ABA200CBF5D6 /* FaceView.storyboard */,
				4AD61BB12771ABA200CBF5D6 /* FaceView.swift */,
			);
			path = FV;
			sourceTree = "<group>";
		};
		4AD78ED22750C6AD00A27401 /* Menu */ = {
			isa = PBXGroup;
			children = (
				4AD78E83274F3EA000A27401 /* MenuTableViewCell.swift */,
				4A6D64D4274E386000022CBE /* MenuViewController.swift */,
			);
			path = Menu;
			sourceTree = "<group>";
		};
		4AD78ED927511CE400A27401 /* Notifications */ = {
			isa = PBXGroup;
			children = (
				4AD78ED32750F30E00A27401 /* NotificationsViewController.swift */,
				4AD78ED72751078B00A27401 /* NotificationTableViewCell.swift */,
			);
			path = Notifications;
			sourceTree = "<group>";
		};
		4AD78EDE27514C7C00A27401 /* PreInvitation */ = {
			isa = PBXGroup;
			children = (
				4AD78ED52750F4E300A27401 /* PreInvitationViewController.swift */,
				4AD78EDA27514C5B00A27401 /* PreInvitationTableViewCell.swift */,
				4AD78EDC27514C7400A27401 /* PreInvitationDetailTableViewCell.swift */,
				4AD78EDF2751C34300A27401 /* SendPreInvitationViewController.swift */,
			);
			path = PreInvitation;
			sourceTree = "<group>";
		};
		4AD998962789B89A006F7FC4 /* GIFs */ = {
			isa = PBXGroup;
			children = (
				4AD998972789B8AD006F7FC4 /* splash.gif */,
			);
			path = GIFs;
			sourceTree = "<group>";
		};
		4AE58250275B3DA70081FAC1 /* Registrration */ = {
			isa = PBXGroup;
			children = (
				4A72CCC0273EE1F6008AA853 /* CompanyDetailsResponse.swift */,
				4ADB3A542740F3F900A0D750 /* UserRegistrrationDetails.swift */,
			);
			path = Registrration;
			sourceTree = "<group>";
		};
		4AE58251275B3E810081FAC1 /* Login */ = {
			isa = PBXGroup;
			children = (
				4A5F7194274179F800D4A29E /* LoginOTPResponse.swift */,
			);
			path = Login;
			sourceTree = "<group>";
		};
		4AE58252275B3ED00081FAC1 /* Login */ = {
			isa = PBXGroup;
			children = (
				4A72CCB5273E350E008AA853 /* EmailAuthentication.swift */,
				4A72CCB3273E3504008AA853 /* SmsAuthentication.swift */,
				4A72CCC2273FCE02008AA853 /* ValidateSmsOtp.swift */,
				4A72CCC4273FCFBA008AA853 /* ValidateEmailOtp.swift */,
			);
			path = Login;
			sourceTree = "<group>";
		};
		4AE58253275B3EF20081FAC1 /* Registrration */ = {
			isa = PBXGroup;
			children = (
				4A72CCBC273EBB2A008AA853 /* RegisterUser.swift */,
				4A72CCBE273EE1B6008AA853 /* Company.swift */,
				4ADB3A562741080400A0D750 /* ValidateRegistraionOTP.swift */,
				4ADB3A5A2741198F00A0D750 /* ResendRegistrationOtp.swift */,
				4A68CB6C2753E7E9000BA368 /* UploadUserImage.swift */,
			);
			path = Registrration;
			sourceTree = "<group>";
		};
		4AE58254275B3F570081FAC1 /* Dashboard */ = {
			isa = PBXGroup;
			children = (
				4A6C21FB275FA64A00234133 /* CloockInOut */,
				4A6C21FC275FA65300234133 /* Invitations */,
			);
			path = Dashboard;
			sourceTree = "<group>";
		};
		4AE58255275B3F710081FAC1 /* Profile */ = {
			isa = PBXGroup;
			children = (
				4AC8D28727567FD3003C09AD /* ProfileResponse.swift */,
			);
			path = Profile;
			sourceTree = "<group>";
		};
		4AE58256275B3F860081FAC1 /* ClockInOut */ = {
			isa = PBXGroup;
			children = (
				4AC8D2832756405D003C09AD /* ClockInOutResponse.swift */,
				4AC8D2952757D048003C09AD /* CheckInOutListPerDayResponse.swift */,
				4A93D2392760DAF30000759C /* CheckInOrgResponse.swift */,
			);
			path = ClockInOut;
			sourceTree = "<group>";
		};
		4AE58257275B3F960081FAC1 /* Dashboard */ = {
			isa = PBXGroup;
			children = (
				4A6C21FA275FA64200234133 /* Invitations */,
				4AE58256275B3F860081FAC1 /* ClockInOut */,
				4AE58255275B3F710081FAC1 /* Profile */,
			);
			path = Dashboard;
			sourceTree = "<group>";
		};
		4AFC562B27391E1C00E064E9 /* Resources */ = {
			isa = PBXGroup;
			children = (
				4AD998962789B89A006F7FC4 /* GIFs */,
				4A72CCC6274024DB008AA853 /* LottieJson */,
				4AFC562C27391E2400E064E9 /* Fonts */,
			);
			path = Resources;
			sourceTree = "<group>";
		};
		4AFC562C27391E2400E064E9 /* Fonts */ = {
			isa = PBXGroup;
			children = (
				4AFC562D27391E7100E064E9 /* Android.ttf */,
				4A1617B8273A40B700640236 /* Poppins-Regular.ttf */,
				4A1617BE273A45C300640236 /* Poppins-Medium.ttf */,
				4A109DF7274D4991009D2002 /* Poppins-Italic.ttf */,
			);
			path = Fonts;
			sourceTree = "<group>";
		};
		4AFC56312739267C00E064E9 /* Extensions */ = {
			isa = PBXGroup;
			children = (
				4A68CB702754F93F000BA368 /* CoreGraphicsExtensions.swift */,
				4AFC5633273926AD00E064E9 /* UIView+Extension.swift */,
				4AFC563B2739305E00E064E9 /* UIColor+Extension.swift */,
				4A72CCD3274025CC008AA853 /* UIViewController+Extension.swift */,
				4A72CCDE27402E78008AA853 /* String+Extension.swift */,
				4ADB3A5C274166F300A0D750 /* Date+Extension.swift */,
				4A68CB6E2753E8E9000BA368 /* UIImage+Extension.swift */,
			);
			path = Extensions;
			sourceTree = "<group>";
		};
		4AFC56322739268400E064E9 /* Custom */ = {
			isa = PBXGroup;
			children = (
				4A72CCD72740284C008AA853 /* Lottie */,
				4A6D64D8274E670F00022CBE /* VibaMenuButton */,
				4AFC563D2739483100E064E9 /* VibaButton.swift */,
				4A5AA7AA274934E800084866 /* VibaCircularImage.swift */,
				4A7784DC273CEE0600E9E168 /* VibaRadioButton.swift */,
				4A1617BC273A42CF00640236 /* VibaBorderButton.swift */,
				4A1617C4273A5FAD00640236 /* VibaNormalButton.swift */,
				4A1617AE2739512C00640236 /* VibaTextField.swift */,
				4A1617BA273A40D700640236 /* VibaLabel.swift */,
				4A21A194273B67290002D052 /* VibaMediumLabel.swift */,
				4A21A19B273B913F0002D052 /* VibaRoundCornerView.swift */,
				4A5AA7AC2749541500084866 /* VibaRoundImageButton.swift */,
				4AD78ECE2750951000A27401 /* VibaTabButton.swift */,
				4A68CB6227533F39000BA368 /* VibaSwitch.swift */,
				4AC8D29127579FE0003C09AD /* VibaImageCache.swift */,
				4A4D21AD275896E5001B9964 /* VibaNoRecordsCell.swift */,
			);
			path = Custom;
			sourceTree = "<group>";
		};
		5A9BFA5AD80BA847150F3D37 /* Pods */ = {
			isa = PBXGroup;
			children = (
				78410304A293F6562BF97E7F /* Pods-Viba.debug.xcconfig */,
				626E51C03B65CD85C1189F02 /* Pods-Viba.release.xcconfig */,
			);
			path = Pods;
			sourceTree = "<group>";
		};
		C08514EF83C7ADCFB0ACB3B3 /* Frameworks */ = {
			isa = PBXGroup;
			children = (
				58FD05061B555415110E7E68 /* Pods_Viba.framework */,
			);
			name = Frameworks;
			sourceTree = "<group>";
		};
/* End PBXGroup section */

/* Begin PBXNativeTarget section */
		4AB5F0092739122D007DB9FF /* Viba */ = {
			isa = PBXNativeTarget;
			buildConfigurationList = 4AB5F01E2739122F007DB9FF /* Build configuration list for PBXNativeTarget "Viba" */;
			buildPhases = (
				18668C843D7B54DFB36664F8 /* [CP] Check Pods Manifest.lock */,
				4AB5F0062739122D007DB9FF /* Sources */,
				4AB5F0072739122D007DB9FF /* Frameworks */,
				4AB5F0082739122D007DB9FF /* Resources */,
				4AB5F021273913D7007DB9FF /* ShellScript */,
				141201BC6D1249B2A4EFD347 /* [CP] Embed Pods Frameworks */,
			);
			buildRules = (
			);
			dependencies = (
			);
			name = Viba;
			productName = Viba;
			productReference = 4AB5F00A2739122D007DB9FF /* VIBA-EMS.app */;
			productType = "com.apple.product-type.application";
		};
/* End PBXNativeTarget section */

/* Begin PBXProject section */
		4AB5F0022739122D007DB9FF /* Project object */ = {
			isa = PBXProject;
			attributes = {
				BuildIndependentTargetsInParallel = 1;
				LastSwiftUpdateCheck = 1310;
				LastUpgradeCheck = 1310;
				TargetAttributes = {
					4AB5F0092739122D007DB9FF = {
						CreatedOnToolsVersion = 13.1;
					};
				};
			};
			buildConfigurationList = 4AB5F0052739122D007DB9FF /* Build configuration list for PBXProject "Viba" */;
			compatibilityVersion = "Xcode 13.0";
			developmentRegion = en;
			hasScannedForEncodings = 0;
			knownRegions = (
				en,
				Base,
			);
			mainGroup = 4AB5F0012739122D007DB9FF;
			productRefGroup = 4AB5F00B2739122D007DB9FF /* Products */;
			projectDirPath = "";
			projectRoot = "";
			targets = (
				4AB5F0092739122D007DB9FF /* Viba */,
			);
		};
/* End PBXProject section */

/* Begin PBXResourcesBuildPhase section */
		4AB5F0082739122D007DB9FF /* Resources */ = {
			isa = PBXResourcesBuildPhase;
			buildActionMask = 2147483647;
			files = (
				4AFC562E27391E7100E064E9 /* Android.ttf in Resources */,
				4AC8D28E27573DE8003C09AD /* Permissions.storyboard in Resources */,
				4A72CCD227402594008AA853 /* circles.json in Resources */,
				4AD61BB22771ABA200CBF5D6 /* FaceView.storyboard in Resources */,
				4AD9989A2789BFA1006F7FC4 /* loading.json in Resources */,
				4AB5F01A2739122F007DB9FF /* LaunchScreen.storyboard in Resources */,
				4A6D64DA274E671F00022CBE /* VibaMenuButton.xib in Resources */,
				4A3DDA76274B9405002FF884 /* ClockInOutTableViewCell.xib in Resources */,
				4AB5F0172739122F007DB9FF /* Assets.xcassets in Resources */,
				4A1617BF273A45C300640236 /* Poppins-Medium.ttf in Resources */,
				4A72CCDB2740284C008AA853 /* AlertLottie.storyboard in Resources */,
				4A109DF8274D4991009D2002 /* Poppins-Italic.ttf in Resources */,
				4AB5F0152739122E007DB9FF /* Main.storyboard in Resources */,
				4AD78ECD274F6C9D00A27401 /* TabController.storyboard in Resources */,
				4A8482E527492B62002463D5 /* DashBoardWithTabs.storyboard in Resources */,
				4AD998982789B8AD006F7FC4 /* splash.gif in Resources */,
				4A1617B9273A40B700640236 /* Poppins-Regular.ttf in Resources */,
			);
			runOnlyForDeploymentPostprocessing = 0;
		};
/* End PBXResourcesBuildPhase section */

/* Begin PBXShellScriptBuildPhase section */
		141201BC6D1249B2A4EFD347 /* [CP] Embed Pods Frameworks */ = {
			isa = PBXShellScriptBuildPhase;
			buildActionMask = 2147483647;
			files = (
			);
			inputFileListPaths = (
				"${PODS_ROOT}/Target Support Files/Pods-Viba/Pods-Viba-frameworks-${CONFIGURATION}-input-files.xcfilelist",
			);
			name = "[CP] Embed Pods Frameworks";
			outputFileListPaths = (
				"${PODS_ROOT}/Target Support Files/Pods-Viba/Pods-Viba-frameworks-${CONFIGURATION}-output-files.xcfilelist",
			);
			runOnlyForDeploymentPostprocessing = 0;
			shellPath = /bin/sh;
			shellScript = "\"${PODS_ROOT}/Target Support Files/Pods-Viba/Pods-Viba-frameworks.sh\"\n";
			showEnvVarsInLog = 0;
		};
		18668C843D7B54DFB36664F8 /* [CP] Check Pods Manifest.lock */ = {
			isa = PBXShellScriptBuildPhase;
			buildActionMask = 2147483647;
			files = (
			);
			inputFileListPaths = (
			);
			inputPaths = (
				"${PODS_PODFILE_DIR_PATH}/Podfile.lock",
				"${PODS_ROOT}/Manifest.lock",
			);
			name = "[CP] Check Pods Manifest.lock";
			outputFileListPaths = (
			);
			outputPaths = (
				"$(DERIVED_FILE_DIR)/Pods-Viba-checkManifestLockResult.txt",
			);
			runOnlyForDeploymentPostprocessing = 0;
			shellPath = /bin/sh;
			shellScript = "diff \"${PODS_PODFILE_DIR_PATH}/Podfile.lock\" \"${PODS_ROOT}/Manifest.lock\" > /dev/null\nif [ $? != 0 ] ; then\n    # print error to STDERR\n    echo \"error: The sandbox is not in sync with the Podfile.lock. Run 'pod install' or update your CocoaPods installation.\" >&2\n    exit 1\nfi\n# This output is used by Xcode 'outputs' to avoid re-running this script phase.\necho \"SUCCESS\" > \"${SCRIPT_OUTPUT_FILE_0}\"\n";
			showEnvVarsInLog = 0;
		};
		4AB5F021273913D7007DB9FF /* ShellScript */ = {
			isa = PBXShellScriptBuildPhase;
			buildActionMask = 2147483647;
			files = (
			);
			inputFileListPaths = (
			);
			inputPaths = (
			);
			outputFileListPaths = (
			);
			outputPaths = (
			);
			runOnlyForDeploymentPostprocessing = 0;
			shellPath = /bin/sh;
			shellScript = "# Type a script or drag a script file from your workspace to insert its path.\n\"${PODS_ROOT}/SwiftLint/swiftlint\"\n";
		};
/* End PBXShellScriptBuildPhase section */

/* Begin PBXSourcesBuildPhase section */
		4AB5F0062739122D007DB9FF /* Sources */ = {
			isa = PBXSourcesBuildPhase;
			buildActionMask = 2147483647;
			files = (
				4AD78ED42750F30E00A27401 /* NotificationsViewController.swift in Sources */,
				4A468A71275A2B9100211FD4 /* DataManager.swift in Sources */,
				4ADB3A59274118E300A0D750 /* GeneralResponse.swift in Sources */,
				4AD78ECF2750951000A27401 /* VibaTabButton.swift in Sources */,
				4A5E47772748E59F00239676 /* ClockInOutViewController.swift in Sources */,
				4AD78E84274F3EA000A27401 /* MenuTableViewCell.swift in Sources */,
				4AD61BB42771ABA200CBF5D6 /* CGImage+Extension.swift in Sources */,
				4A8A6898273D8ABA00491060 /* NetworkManager.swift in Sources */,
				4A72CCAF273DA481008AA853 /* Reach.swift in Sources */,
				4A72CCC5273FCFBA008AA853 /* ValidateEmailOtp.swift in Sources */,
				4A72CCC1273EE1F6008AA853 /* CompanyDetailsResponse.swift in Sources */,
				4A5E477B2748E5B700239676 /* ProfileViewController.swift in Sources */,
				4A72CCD4274025CC008AA853 /* UIViewController+Extension.swift in Sources */,
				4A1617C5273A5FAD00640236 /* VibaNormalButton.swift in Sources */,
				4A7784DD273CEE0600E9E168 /* VibaRadioButton.swift in Sources */,
				4A78FB5427417F36000BFCFF /* PicCaptureViewController.swift in Sources */,
				4AFC563A27392FF800E064E9 /* Utility.swift in Sources */,
				4AC8D2842756405D003C09AD /* ClockInOutResponse.swift in Sources */,
				4ABAC1D5273AAC65008DB1BD /* OTPViewController.swift in Sources */,
				4AD998952789B85D006F7FC4 /* LoadingViewController.swift in Sources */,
				4A4D21AE275896E5001B9964 /* VibaNoRecordsCell.swift in Sources */,
				4A5E47792748E5AB00239676 /* TimesheetViewController.swift in Sources */,
				4A6C21F8275F8C2800234133 /* CreateInvitation.swift in Sources */,
				4AC8D28827567FD3003C09AD /* ProfileResponse.swift in Sources */,
				4AD78ED82751078B00A27401 /* NotificationTableViewCell.swift in Sources */,
				4ADB3A572741080400A0D750 /* ValidateRegistraionOTP.swift in Sources */,
				4ADB3A5D274166F300A0D750 /* Date+Extension.swift in Sources */,
				4AFC563E2739483100E064E9 /* VibaButton.swift in Sources */,
				4A5AA7AD2749541500084866 /* VibaRoundImageButton.swift in Sources */,
				4AB5F0122739122E007DB9FF /* LoginViewController.swift in Sources */,
				4A4A8684273BF1E000811EBC /* SignupProtocol.swift in Sources */,
				4AC8D2942757C3E2003C09AD /* DashboardServices.swift in Sources */,
				4A21A195273B67290002D052 /* VibaMediumLabel.swift in Sources */,
				4AB5F00E2739122E007DB9FF /* AppDelegate.swift in Sources */,
				4A5AA7AB274934E800084866 /* VibaCircularImage.swift in Sources */,
				4A1617BB273A40D700640236 /* VibaLabel.swift in Sources */,
				4AFC5634273926AD00E064E9 /* UIView+Extension.swift in Sources */,
				4A68CB6827534794000BA368 /* LoocationManager.swift in Sources */,
				4AD78EDD27514C7400A27401 /* PreInvitationDetailTableViewCell.swift in Sources */,
				4A68CB6327533F39000BA368 /* VibaSwitch.swift in Sources */,
				4A5E477D2748E5C600239676 /* DashboardViewController.swift in Sources */,
				4AD78ED62750F4E300A27401 /* PreInvitationViewController.swift in Sources */,
				4A68CB712754F93F000BA368 /* CoreGraphicsExtensions.swift in Sources */,
				4A6C21FE275FA66B00234133 /* CreateInvitationResponse.swift in Sources */,
				4AC8D28C27569A04003C09AD /* EmptyRequest.swift in Sources */,
				4AC8D2862756414D003C09AD /* ClockInOut.swift in Sources */,
				4AD61BB52771ABA200CBF5D6 /* FaceView.swift in Sources */,
				4AD61BB32771ABA200CBF5D6 /* FaceDetectionViewController.swift in Sources */,
				4A68CB65275345A9000BA368 /* PermissionViewController.swift in Sources */,
				4A21A19C273B913F0002D052 /* VibaRoundCornerView.swift in Sources */,
				4A72CCB1273DAAF4008AA853 /* UserServices.swift in Sources */,
				4AC8D28A27568006003C09AD /* ProfileServices.swift in Sources */,
				4AB5F0102739122E007DB9FF /* SceneDelegate.swift in Sources */,
				4A72CCB6273E350E008AA853 /* EmailAuthentication.swift in Sources */,
				4A21A19E273B9B600002D052 /* SignupPageViewController.swift in Sources */,
				4A21A19A273B89F30002D052 /* SignupViewController.swift in Sources */,
				4ADB3A5B2741198F00A0D750 /* ResendRegistrationOtp.swift in Sources */,
				4A1617AF2739512C00640236 /* VibaTextField.swift in Sources */,
				4A1617BD273A42CF00640236 /* VibaBorderButton.swift in Sources */,
				4A21A198273B89E50002D052 /* EmployeeDetailsViewController.swift in Sources */,
				4A5F7195274179F800D4A29E /* LoginOTPResponse.swift in Sources */,
				4AC8D2962757D048003C09AD /* CheckInOutListPerDayResponse.swift in Sources */,
				4A93D238276067B50000759C /* InvitationListResponse.swift in Sources */,
				4AD78EE02751C34300A27401 /* SendPreInvitationViewController.swift in Sources */,
				4AD78ECB274F6C8900A27401 /* TabViewController.swift in Sources */,
				4AC8D29227579FE0003C09AD /* VibaImageCache.swift in Sources */,
				4A72CCBD273EBB2A008AA853 /* RegisterUser.swift in Sources */,
				4A72CCBF273EE1B6008AA853 /* Company.swift in Sources */,
				4A21A1A2273B9D100002D052 /* FaceCaptureViewController.swift in Sources */,
				4A21A1A0273B9C010002D052 /* VerifyViewController.swift in Sources */,
				4A72CCB4273E3504008AA853 /* SmsAuthentication.swift in Sources */,
				4AFC56382739285500E064E9 /* Constants.swift in Sources */,
				4ADB3A552740F3F900A0D750 /* UserRegistrrationDetails.swift in Sources */,
				4A5E31BE2768ADE7002907C3 /* Cache.swift in Sources */,
				4A93D23A2760DAF30000759C /* CheckInOrgResponse.swift in Sources */,
				4AFC563C2739305E00E064E9 /* UIColor+Extension.swift in Sources */,
				4A68CB6D2753E7E9000BA368 /* UploadUserImage.swift in Sources */,
				4A72CCDD2740284C008AA853 /* IGProgress.swift in Sources */,
				4A72CCBB273E3786008AA853 /* ErrorResponse.swift in Sources */,
				4A6D64D5274E386000022CBE /* MenuViewController.swift in Sources */,
				4A3DDA71274B6A1A002FF884 /* ClockInOutTableViewCell.swift in Sources */,
				4A6D64D7274E61D800022CBE /* VibaMenuButton.swift in Sources */,
				4A68CB6F2753E8E9000BA368 /* UIImage+Extension.swift in Sources */,
				4AD78EDB27514C5B00A27401 /* PreInvitationTableViewCell.swift in Sources */,
				4A72CCDF27402E78008AA853 /* String+Extension.swift in Sources */,
				4A72CCC3273FCE02008AA853 /* ValidateSmsOtp.swift in Sources */,
				4A72CCDC2740284C008AA853 /* AlertLottieViewController.swift in Sources */,
				4A8E3D2C2789922B003E32A9 /* ReviewViewController.swift in Sources */,
			);
			runOnlyForDeploymentPostprocessing = 0;
		};
/* End PBXSourcesBuildPhase section */

/* Begin PBXVariantGroup section */
		4AB5F0132739122E007DB9FF /* Main.storyboard */ = {
			isa = PBXVariantGroup;
			children = (
				4AB5F0142739122E007DB9FF /* Base */,
			);
			name = Main.storyboard;
			sourceTree = "<group>";
		};
		4AB5F0182739122F007DB9FF /* LaunchScreen.storyboard */ = {
			isa = PBXVariantGroup;
			children = (
				4AB5F0192739122F007DB9FF /* Base */,
			);
			name = LaunchScreen.storyboard;
			sourceTree = "<group>";
		};
/* End PBXVariantGroup section */

/* Begin XCBuildConfiguration section */
		4AB5F01C2739122F007DB9FF /* Debug */ = {
			isa = XCBuildConfiguration;
			buildSettings = {
				ALWAYS_SEARCH_USER_PATHS = NO;
				CLANG_ANALYZER_NONNULL = YES;
				CLANG_ANALYZER_NUMBER_OBJECT_CONVERSION = YES_AGGRESSIVE;
				CLANG_CXX_LANGUAGE_STANDARD = "gnu++17";
				CLANG_CXX_LIBRARY = "libc++";
				CLANG_ENABLE_MODULES = YES;
				CLANG_ENABLE_OBJC_ARC = YES;
				CLANG_ENABLE_OBJC_WEAK = YES;
				CLANG_WARN_BLOCK_CAPTURE_AUTORELEASING = YES;
				CLANG_WARN_BOOL_CONVERSION = YES;
				CLANG_WARN_COMMA = YES;
				CLANG_WARN_CONSTANT_CONVERSION = YES;
				CLANG_WARN_DEPRECATED_OBJC_IMPLEMENTATIONS = YES;
				CLANG_WARN_DIRECT_OBJC_ISA_USAGE = YES_ERROR;
				CLANG_WARN_DOCUMENTATION_COMMENTS = YES;
				CLANG_WARN_EMPTY_BODY = YES;
				CLANG_WARN_ENUM_CONVERSION = YES;
				CLANG_WARN_INFINITE_RECURSION = YES;
				CLANG_WARN_INT_CONVERSION = YES;
				CLANG_WARN_NON_LITERAL_NULL_CONVERSION = YES;
				CLANG_WARN_OBJC_IMPLICIT_RETAIN_SELF = YES;
				CLANG_WARN_OBJC_LITERAL_CONVERSION = YES;
				CLANG_WARN_OBJC_ROOT_CLASS = YES_ERROR;
				CLANG_WARN_QUOTED_INCLUDE_IN_FRAMEWORK_HEADER = YES;
				CLANG_WARN_RANGE_LOOP_ANALYSIS = YES;
				CLANG_WARN_STRICT_PROTOTYPES = YES;
				CLANG_WARN_SUSPICIOUS_MOVE = YES;
				CLANG_WARN_UNGUARDED_AVAILABILITY = YES_AGGRESSIVE;
				CLANG_WARN_UNREACHABLE_CODE = YES;
				CLANG_WARN__DUPLICATE_METHOD_MATCH = YES;
				COPY_PHASE_STRIP = NO;
				DEBUG_INFORMATION_FORMAT = dwarf;
				ENABLE_STRICT_OBJC_MSGSEND = YES;
				ENABLE_TESTABILITY = YES;
				GCC_C_LANGUAGE_STANDARD = gnu11;
				GCC_DYNAMIC_NO_PIC = NO;
				GCC_NO_COMMON_BLOCKS = YES;
				GCC_OPTIMIZATION_LEVEL = 0;
				GCC_PREPROCESSOR_DEFINITIONS = (
					"DEBUG=1",
					"$(inherited)",
				);
				GCC_WARN_64_TO_32_BIT_CONVERSION = YES;
				GCC_WARN_ABOUT_RETURN_TYPE = YES_ERROR;
				GCC_WARN_UNDECLARED_SELECTOR = YES;
				GCC_WARN_UNINITIALIZED_AUTOS = YES_AGGRESSIVE;
				GCC_WARN_UNUSED_FUNCTION = YES;
				GCC_WARN_UNUSED_VARIABLE = YES;
				IPHONEOS_DEPLOYMENT_TARGET = 15.0;
				MTL_ENABLE_DEBUG_INFO = INCLUDE_SOURCE;
				MTL_FAST_MATH = YES;
				ONLY_ACTIVE_ARCH = YES;
				SDKROOT = iphoneos;
				SWIFT_ACTIVE_COMPILATION_CONDITIONS = DEBUG;
				SWIFT_OPTIMIZATION_LEVEL = "-Onone";
			};
			name = Debug;
		};
		4AB5F01D2739122F007DB9FF /* Release */ = {
			isa = XCBuildConfiguration;
			buildSettings = {
				ALWAYS_SEARCH_USER_PATHS = NO;
				CLANG_ANALYZER_NONNULL = YES;
				CLANG_ANALYZER_NUMBER_OBJECT_CONVERSION = YES_AGGRESSIVE;
				CLANG_CXX_LANGUAGE_STANDARD = "gnu++17";
				CLANG_CXX_LIBRARY = "libc++";
				CLANG_ENABLE_MODULES = YES;
				CLANG_ENABLE_OBJC_ARC = YES;
				CLANG_ENABLE_OBJC_WEAK = YES;
				CLANG_WARN_BLOCK_CAPTURE_AUTORELEASING = YES;
				CLANG_WARN_BOOL_CONVERSION = YES;
				CLANG_WARN_COMMA = YES;
				CLANG_WARN_CONSTANT_CONVERSION = YES;
				CLANG_WARN_DEPRECATED_OBJC_IMPLEMENTATIONS = YES;
				CLANG_WARN_DIRECT_OBJC_ISA_USAGE = YES_ERROR;
				CLANG_WARN_DOCUMENTATION_COMMENTS = YES;
				CLANG_WARN_EMPTY_BODY = YES;
				CLANG_WARN_ENUM_CONVERSION = YES;
				CLANG_WARN_INFINITE_RECURSION = YES;
				CLANG_WARN_INT_CONVERSION = YES;
				CLANG_WARN_NON_LITERAL_NULL_CONVERSION = YES;
				CLANG_WARN_OBJC_IMPLICIT_RETAIN_SELF = YES;
				CLANG_WARN_OBJC_LITERAL_CONVERSION = YES;
				CLANG_WARN_OBJC_ROOT_CLASS = YES_ERROR;
				CLANG_WARN_QUOTED_INCLUDE_IN_FRAMEWORK_HEADER = YES;
				CLANG_WARN_RANGE_LOOP_ANALYSIS = YES;
				CLANG_WARN_STRICT_PROTOTYPES = YES;
				CLANG_WARN_SUSPICIOUS_MOVE = YES;
				CLANG_WARN_UNGUARDED_AVAILABILITY = YES_AGGRESSIVE;
				CLANG_WARN_UNREACHABLE_CODE = YES;
				CLANG_WARN__DUPLICATE_METHOD_MATCH = YES;
				COPY_PHASE_STRIP = NO;
				DEBUG_INFORMATION_FORMAT = "dwarf-with-dsym";
				ENABLE_NS_ASSERTIONS = NO;
				ENABLE_STRICT_OBJC_MSGSEND = YES;
				GCC_C_LANGUAGE_STANDARD = gnu11;
				GCC_NO_COMMON_BLOCKS = YES;
				GCC_WARN_64_TO_32_BIT_CONVERSION = YES;
				GCC_WARN_ABOUT_RETURN_TYPE = YES_ERROR;
				GCC_WARN_UNDECLARED_SELECTOR = YES;
				GCC_WARN_UNINITIALIZED_AUTOS = YES_AGGRESSIVE;
				GCC_WARN_UNUSED_FUNCTION = YES;
				GCC_WARN_UNUSED_VARIABLE = YES;
				IPHONEOS_DEPLOYMENT_TARGET = 15.0;
				MTL_ENABLE_DEBUG_INFO = NO;
				MTL_FAST_MATH = YES;
				SDKROOT = iphoneos;
				SWIFT_COMPILATION_MODE = wholemodule;
				SWIFT_OPTIMIZATION_LEVEL = "-O";
				VALIDATE_PRODUCT = YES;
			};
			name = Release;
		};
		4AB5F01F2739122F007DB9FF /* Debug */ = {
			isa = XCBuildConfiguration;
			baseConfigurationReference = 78410304A293F6562BF97E7F /* Pods-Viba.debug.xcconfig */;
			buildSettings = {
				ASSETCATALOG_COMPILER_APPICON_NAME = AppIcon;
				ASSETCATALOG_COMPILER_GLOBAL_ACCENT_COLOR_NAME = AccentColor;
				CODE_SIGN_STYLE = Automatic;
				CURRENT_PROJECT_VERSION = 5;
				DEVELOPMENT_TEAM = HLF4GH8WCJ;
				FRAMEWORK_SEARCH_PATHS = (
					"$(inherited)",
					"$(PROJECT_DIR)/Viba/ViewControllers/Temp/Content/Lottie",
				);
				GENERATE_INFOPLIST_FILE = YES;
				INFOPLIST_FILE = Viba/Info.plist;
				INFOPLIST_KEY_CFBundleDisplayName = "VIBA Pass";
				INFOPLIST_KEY_LSApplicationCategoryType = "";
				INFOPLIST_KEY_NSCameraUsageDescription = "Allow the app to capture your picture to recognize you";
				INFOPLIST_KEY_NSLocationAlwaysAndWhenInUseUsageDescription = "Allow the app to track your location";
				INFOPLIST_KEY_NSLocationAlwaysUsageDescription = "Allow the app to track your location";
				INFOPLIST_KEY_NSLocationWhenInUseUsageDescription = "Allow the app to track your location";
				INFOPLIST_KEY_UIApplicationSupportsIndirectInputEvents = YES;
				INFOPLIST_KEY_UILaunchStoryboardName = LaunchScreen;
				INFOPLIST_KEY_UIMainStoryboardFile = Main;
				INFOPLIST_KEY_UISupportedInterfaceOrientations = UIInterfaceOrientationPortrait;
				INFOPLIST_KEY_UISupportedInterfaceOrientations_iPad = "UIInterfaceOrientationPortrait UIInterfaceOrientationPortraitUpsideDown UIInterfaceOrientationLandscapeLeft UIInterfaceOrientationLandscapeRight";
				INFOPLIST_KEY_UISupportedInterfaceOrientations_iPhone = "UIInterfaceOrientationPortrait UIInterfaceOrientationLandscapeLeft UIInterfaceOrientationLandscapeRight";
				INFOPLIST_KEY_UIUserInterfaceStyle = Light;
				IPHONEOS_DEPLOYMENT_TARGET = 14.0;
				LD_RUNPATH_SEARCH_PATHS = (
					"$(inherited)",
					"@executable_path/Frameworks",
				);
				MARKETING_VERSION = 1.0;
				PRODUCT_BUNDLE_IDENTIFIER = com.viba.vibapass;
				PRODUCT_NAME = "VIBA-EMS";
				SWIFT_EMIT_LOC_STRINGS = YES;
				SWIFT_VERSION = 5.0;
				TARGETED_DEVICE_FAMILY = 1;
			};
			name = Debug;
		};
		4AB5F0202739122F007DB9FF /* Release */ = {
			isa = XCBuildConfiguration;
			baseConfigurationReference = 626E51C03B65CD85C1189F02 /* Pods-Viba.release.xcconfig */;
			buildSettings = {
				ASSETCATALOG_COMPILER_APPICON_NAME = AppIcon;
				ASSETCATALOG_COMPILER_GLOBAL_ACCENT_COLOR_NAME = AccentColor;
				CODE_SIGN_STYLE = Automatic;
				CURRENT_PROJECT_VERSION = 5;
				DEVELOPMENT_TEAM = HLF4GH8WCJ;
				FRAMEWORK_SEARCH_PATHS = (
					"$(inherited)",
					"$(PROJECT_DIR)/Viba/ViewControllers/Temp/Content/Lottie",
				);
				GENERATE_INFOPLIST_FILE = YES;
				INFOPLIST_FILE = Viba/Info.plist;
				INFOPLIST_KEY_CFBundleDisplayName = "VIBA Pass";
				INFOPLIST_KEY_LSApplicationCategoryType = "";
				INFOPLIST_KEY_NSCameraUsageDescription = "Allow the app to capture your picture to recognize you";
				INFOPLIST_KEY_NSLocationAlwaysAndWhenInUseUsageDescription = "Allow the app to track your location";
				INFOPLIST_KEY_NSLocationAlwaysUsageDescription = "Allow the app to track your location";
				INFOPLIST_KEY_NSLocationWhenInUseUsageDescription = "Allow the app to track your location";
				INFOPLIST_KEY_UIApplicationSupportsIndirectInputEvents = YES;
				INFOPLIST_KEY_UILaunchStoryboardName = LaunchScreen;
				INFOPLIST_KEY_UIMainStoryboardFile = Main;
				INFOPLIST_KEY_UISupportedInterfaceOrientations = UIInterfaceOrientationPortrait;
				INFOPLIST_KEY_UISupportedInterfaceOrientations_iPad = "UIInterfaceOrientationPortrait UIInterfaceOrientationPortraitUpsideDown UIInterfaceOrientationLandscapeLeft UIInterfaceOrientationLandscapeRight";
				INFOPLIST_KEY_UISupportedInterfaceOrientations_iPhone = "UIInterfaceOrientationPortrait UIInterfaceOrientationLandscapeLeft UIInterfaceOrientationLandscapeRight";
				INFOPLIST_KEY_UIUserInterfaceStyle = Light;
				IPHONEOS_DEPLOYMENT_TARGET = 14.0;
				LD_RUNPATH_SEARCH_PATHS = (
					"$(inherited)",
					"@executable_path/Frameworks",
				);
				MARKETING_VERSION = 1.0;
				PRODUCT_BUNDLE_IDENTIFIER = com.viba.vibapass;
				PRODUCT_NAME = "VIBA-EMS";
				SWIFT_EMIT_LOC_STRINGS = YES;
				SWIFT_VERSION = 5.0;
				TARGETED_DEVICE_FAMILY = 1;
			};
			name = Release;
		};
/* End XCBuildConfiguration section */

/* Begin XCConfigurationList section */
		4AB5F0052739122D007DB9FF /* Build configuration list for PBXProject "Viba" */ = {
			isa = XCConfigurationList;
			buildConfigurations = (
				4AB5F01C2739122F007DB9FF /* Debug */,
				4AB5F01D2739122F007DB9FF /* Release */,
			);
			defaultConfigurationIsVisible = 0;
			defaultConfigurationName = Release;
		};
		4AB5F01E2739122F007DB9FF /* Build configuration list for PBXNativeTarget "Viba" */ = {
			isa = XCConfigurationList;
			buildConfigurations = (
				4AB5F01F2739122F007DB9FF /* Debug */,
				4AB5F0202739122F007DB9FF /* Release */,
			);
			defaultConfigurationIsVisible = 0;
			defaultConfigurationName = Release;
		};
/* End XCConfigurationList section */
	};
	rootObject = 4AB5F0022739122D007DB9FF /* Project object */;
}
