PODS:
  - DatePicker (1.3.1):
    - Extended
  - DLRadioButton (1.4.12)
  - Extended (1.0.5)
  - FontAwesome.swift (1.9.1)
  - lottie-ios (3.2.3)
  - OTPFieldView (1.0.1)
  - SCLAlertView (0.8)
  - SwiftLint (0.45.0)

DEPENDENCIES:
  - DatePicker (~> 1.3.0)
  - DLRadioButton (~> 1.4)
  - FontAwesome.swift
  - lottie-ios
  - OTPFieldView
  - SCLAlertView
  - SwiftLint

SPEC REPOS:
  trunk:
    - DatePicker
    - DLRadioButton
    - Extended
    - FontAwesome.swift
    - lottie-ios
    - OTPFieldView
    - SCLAlertView
    - SwiftLint

SPEC CHECKSUMS:
  DatePicker: 05ddbd2b57d00ce6f44c1f0611ced32f948d33a6
  DLRadioButton: d7c4e225ed0e8013cef7be61455230c7557ad7c1
  Extended: c463225e0c29b2823847866c1b106827772ac678
  FontAwesome.swift: 6b52cb7be66eacd28cbfaa0ca7ffd0de4a186a1d
  lottie-ios: c058aeafa76daa4cf64d773554bccc8385d0150e
  OTPFieldView: 700a752fe62c41d1c4914c78aa500fb30d97c255
  SCLAlertView: 6a77bb2edfc65e04dbe57725546cb4107a506b85
  SwiftLint: e5c7f1fba68eccfc51509d5b2ce1699f5502e0c7

PODFILE CHECKSUM: eb9978598550c1dca64c3c0fce5dd3df02428a96

COCOAPODS: 1.11.2
